// !$*UTF8*$!
{
	archiveVersion = 1;
	classes = {
	};
	objectVersion = 50;
	objects = {

/* Begin PBXBuildFile section */
		599F04AB26F8E5D600415C83 /* AppDelegate.swift in Sources */ = {isa = PBXBuildFile; fileRef = 599F04AA26F8E5D600415C83 /* AppDelegate.swift */; };
		599F04AD26F8E5D600415C83 /* SceneDelegate.swift in Sources */ = {isa = PBXBuildFile; fileRef = 599F04AC26F8E5D600415C83 /* SceneDelegate.swift */; };
		599F04AF26F8E5D600415C83 /* ViewController.swift in Sources */ = {isa = PBXBuildFile; fileRef = 599F04AE26F8E5D600415C83 /* ViewController.swift */; };
		599F04B226F8E5D600415C83 /* Main.storyboard in Resources */ = {isa = PBXBuildFile; fileRef = 599F04B026F8E5D600415C83 /* Main.storyboard */; };
		599F04B526F8E5D600415C83 /* TestCoreData.xcdatamodeld in Sources */ = {isa = PBXBuildFile; fileRef = 599F04B326F8E5D600415C83 /* TestCoreData.xcdatamodeld */; };
		599F04B726F8E5D700415C83 /* Assets.xcassets in Resources */ = {isa = PBXBuildFile; fileRef = 599F04B626F8E5D700415C83 /* Assets.xcassets */; };
		599F04BA26F8E5D700415C83 /* LaunchScreen.storyboard in Resources */ = {isa = PBXBuildFile; fileRef = 599F04B826F8E5D700415C83 /* LaunchScreen.storyboard */; };
		599F04C326F8E6B100415C83 /* ElementoLista+CoreDataClass.swift in Sources */ = {isa = PBXBuildFile; fileRef = 599F04C126F8E6B100415C83 /* ElementoLista+CoreDataClass.swift */; };
		599F04C426F8E6B100415C83 /* ElementoLista+CoreDataProperties.swift in Sources */ = {isa = PBXBuildFile; fileRef = 599F04C226F8E6B100415C83 /* ElementoLista+CoreDataProperties.swift */; };
/* End PBXBuildFile section */

/* Begin PBXFileReference section */
		599F04A726F8E5D600415C83 /* TestCoreData.app */ = {isa = PBXFileReference; explicitFileType = wrapper.application; includeInIndex = 0; path = TestCoreData.app; sourceTree = BUILT_PRODUCTS_DIR; };
		599F04AA26F8E5D600415C83 /* AppDelegate.swift */ = {isa = PBXFileReference; lastKnownFileType = sourcecode.swift; path = AppDelegate.swift; sourceTree = "<group>"; };
		599F04AC26F8E5D600415C83 /* SceneDelegate.swift */ = {isa = PBXFileReference; lastKnownFileType = sourcecode.swift; path = SceneDelegate.swift; sourceTree = "<group>"; };
		599F04AE26F8E5D600415C83 /* ViewController.swift */ = {isa = PBXFileReference; lastKnownFileType = sourcecode.swift; path = ViewController.swift; sourceTree = "<group>"; };
		599F04B126F8E5D600415C83 /* Base */ = {isa = PBXFileReference; lastKnownFileType = file.storyboard; name = Base; path = Base.lproj/Main.storyboard; sourceTree = "<group>"; };
		599F04B426F8E5D600415C83 /* TestCoreData.xcdatamodel */ = {isa = PBXFileReference; lastKnownFileType = wrapper.xcdatamodel; path = TestCoreData.xcdatamodel; sourceTree = "<group>"; };
		599F04B626F8E5D700415C83 /* Assets.xcassets */ = {isa = PBXFileReference; lastKnownFileType = folder.assetcatalog; path = Assets.xcassets; sourceTree = "<group>"; };
		599F04B926F8E5D700415C83 /* Base */ = {isa = PBXFileReference; lastKnownFileType = file.storyboard; name = Base; path = Base.lproj/LaunchScreen.storyboard; sourceTree = "<group>"; };
		599F04BB26F8E5D700415C83 /* Info.plist */ = {isa = PBXFileReference; lastKnownFileType = text.plist.xml; path = Info.plist; sourceTree = "<group>"; };
		599F04C126F8E6B100415C83 /* ElementoLista+CoreDataClass.swift */ = {isa = PBXFileReference; lastKnownFileType = sourcecode.swift; path = "ElementoLista+CoreDataClass.swift"; sourceTree = "<group>"; };
		599F04C226F8E6B100415C83 /* ElementoLista+CoreDataProperties.swift */ = {isa = PBXFileReference; lastKnownFileType = sourcecode.swift; path = "ElementoLista+CoreDataProperties.swift"; sourceTree = "<group>"; };
/* End PBXFileReference section */

/* Begin PBXFrameworksBuildPhase section */
		599F04A426F8E5D600415C83 /* Frameworks */ = {
			isa = PBXFrameworksBuildPhase;
			buildActionMask = 2147483647;
			files = (
			);
			runOnlyForDeploymentPostprocessing = 0;
		};
/* End PBXFrameworksBuildPhase section */

/* Begin PBXGroup section */
		599F049E26F8E5D500415C83 = {
			isa = PBXGroup;
			children = (
				599F04A926F8E5D600415C83 /* TestCoreData */,
				599F04A826F8E5D600415C83 /* Products */,
			);
			sourceTree = "<group>";
		};
		599F04A826F8E5D600415C83 /* Products */ = {
			isa = PBXGroup;
			children = (
				599F04A726F8E5D600415C83 /* TestCoreData.app */,
			);
			name = Products;
			sourceTree = "<group>";
		};
		599F04A926F8E5D600415C83 /* TestCoreData */ = {
			isa = PBXGroup;
			children = (
				599F04C526F8E72600415C83 /* Model */,
				599F04AA26F8E5D600415C83 /* AppDelegate.swift */,
				599F04AC26F8E5D600415C83 /* SceneDelegate.swift */,
				599F04AE26F8E5D600415C83 /* ViewController.swift */,
				599F04B026F8E5D600415C83 /* Main.storyboard */,
				599F04B626F8E5D700415C83 /* Assets.xcassets */,
				599F04B826F8E5D700415C83 /* LaunchScreen.storyboard */,
				599F04BB26F8E5D700415C83 /* Info.plist */,
				599F04B326F8E5D600415C83 /* TestCoreData.xcdatamodeld */,
			);
			path = TestCoreData;
			sourceTree = "<group>";
		};
		599F04C526F8E72600415C83 /* Model */ = {
			isa = PBXGroup;
			children = (
				599F04C126F8E6B100415C83 /* ElementoLista+CoreDataClass.swift */,
				599F04C226F8E6B100415C83 /* ElementoLista+CoreDataProperties.swift */,
			);
			path = Model;
			sourceTree = "<group>";
		};
/* End PBXGroup section */

/* Begin PBXNativeTarget section */
		599F04A626F8E5D600415C83 /* TestCoreData */ = {
			isa = PBXNativeTarget;
			buildConfigurationList = 599F04BE26F8E5D700415C83 /* Build configuration list for PBXNativeTarget "TestCoreData" */;
			buildPhases = (
				599F04A326F8E5D600415C83 /* Sources */,
				599F04A426F8E5D600415C83 /* Frameworks */,
				599F04A526F8E5D600415C83 /* Resources */,
			);
			buildRules = (
			);
			dependencies = (
			);
			name = TestCoreData;
			productName = TestCoreData;
			productReference = 599F04A726F8E5D600415C83 /* TestCoreData.app */;
			productType = "com.apple.product-type.application";
		};
/* End PBXNativeTarget section */

/* Begin PBXProject section */
		599F049F26F8E5D500415C83 /* Project object */ = {
			isa = PBXProject;
			attributes = {
				LastSwiftUpdateCheck = 1250;
				LastUpgradeCheck = 1250;
				TargetAttributes = {
					599F04A626F8E5D600415C83 = {
						CreatedOnToolsVersion = 12.5.1;
					};
				};
			};
			buildConfigurationList = 599F04A226F8E5D600415C83 /* Build configuration list for PBXProject "TestCoreData" */;
			compatibilityVersion = "Xcode 9.3";
			developmentRegion = en;
			hasScannedForEncodings = 0;
			knownRegions = (
				en,
				Base,
			);
			mainGroup = 599F049E26F8E5D500415C83;
			productRefGroup = 599F04A826F8E5D600415C83 /* Products */;
			projectDirPath = "";
			projectRoot = "";
			targets = (
				599F04A626F8E5D600415C83 /* TestCoreData */,
			);
		};
/* End PBXProject section */

/* Begin PBXResourcesBuildPhase section */
		599F04A526F8E5D600415C83 /* Resources */ = {
			isa = PBXResourcesBuildPhase;
			buildActionMask = 2147483647;
			files = (
				599F04BA26F8E5D700415C83 /* LaunchScreen.storyboard in Resources */,
				599F04B726F8E5D700415C83 /* Assets.xcassets in Resources */,
				599F04B226F8E5D600415C83 /* Main.storyboard in Resources */,
			);
			runOnlyForDeploymentPostprocessing = 0;
		};
/* End PBXResourcesBuildPhase section */

/* Begin PBXSourcesBuildPhase section */
		599F04A326F8E5D600415C83 /* Sources */ = {
			isa = PBXSourcesBuildPhase;
			buildActionMask = 2147483647;
			files = (
				599F04C426F8E6B100415C83 /* ElementoLista+CoreDataProperties.swift in Sources */,
				599F04B526F8E5D600415C83 /* TestCoreData.xcdatamodeld in Sources */,
				599F04AF26F8E5D600415C83 /* ViewController.swift in Sources */,
				599F04AB26F8E5D600415C83 /* AppDelegate.swift in Sources */,
				599F04C326F8E6B100415C83 /* ElementoLista+CoreDataClass.swift in Sources */,
				599F04AD26F8E5D600415C83 /* SceneDelegate.swift in Sources */,
			);
			runOnlyForDeploymentPostprocessing = 0;
		};
/* End PBXSourcesBuildPhase section */

/* Begin PBXVariantGroup section */
		599F04B026F8E5D600415C83 /* Main.storyboard */ = {
			isa = PBXVariantGroup;
			children = (
				599F04B126F8E5D600415C83 /* Base */,
			);
			name = Main.storyboard;
			sourceTree = "<group>";
		};
		599F04B826F8E5D700415C83 /* LaunchScreen.storyboard */ = {
			isa = PBXVariantGroup;
			children = (
				599F04B926F8E5D700415C83 /* Base */,
			);
			name = LaunchScreen.storyboard;
			sourceTree = "<group>";
		};
/* End PBXVariantGroup section */

/* Begin XCBuildConfiguration section */
		599F04BC26F8E5D700415C83 /* Debug */ = {
			isa = XCBuildConfiguration;
			buildSettings = {
				ALWAYS_SEARCH_USER_PATHS = NO;
				CLANG_ANALYZER_NONNULL = YES;
				CLANG_ANALYZER_NUMBER_OBJECT_CONVERSION = YES_AGGRESSIVE;
				CLANG_CXX_LANGUAGE_STANDARD = "gnu++14";
				CLANG_CXX_LIBRARY = "libc++";
				CLANG_ENABLE_MODULES = YES;
				CLANG_ENABLE_OBJC_ARC = YES;
				CLANG_ENABLE_OBJC_WEAK = YES;
				CLANG_WARN_BLOCK_CAPTURE_AUTORELEASING = YES;
				CLANG_WARN_BOOL_CONVERSION = YES;
				CLANG_WARN_COMMA = YES;
				CLANG_WARN_CONSTANT_CONVERSION = YES;
				CLANG_WARN_DEPRECATED_OBJC_IMPLEMENTATIONS = YES;
				CLANG_WARN_DIRECT_OBJC_ISA_USAGE = YES_ERROR;
				CLANG_WARN_DOCUMENTATION_COMMENTS = YES;
				CLANG_WARN_EMPTY_BODY = YES;
				CLANG_WARN_ENUM_CONVERSION = YES;
				CLANG_WARN_INFINITE_RECURSION = YES;
				CLANG_WARN_INT_CONVERSION = YES;
				CLANG_WARN_NON_LITERAL_NULL_CONVERSION = YES;
				CLANG_WARN_OBJC_IMPLICIT_RETAIN_SELF = YES;
				CLANG_WARN_OBJC_LITERAL_CONVERSION = YES;
				CLANG_WARN_OBJC_ROOT_CLASS = YES_ERROR;
				CLANG_WARN_QUOTED_INCLUDE_IN_FRAMEWORK_HEADER = YES;
				CLANG_WARN_RANGE_LOOP_ANALYSIS = YES;
				CLANG_WARN_STRICT_PROTOTYPES = YES;
				CLANG_WARN_SUSPICIOUS_MOVE = YES;
				CLANG_WARN_UNGUARDED_AVAILABILITY = YES_AGGRESSIVE;
				CLANG_WARN_UNREACHABLE_CODE = YES;
				CLANG_WARN__DUPLICATE_METHOD_MATCH = YES;
				COPY_PHASE_STRIP = NO;
				DEBUG_INFORMATION_FORMAT = dwarf;
				ENABLE_STRICT_OBJC_MSGSEND = YES;
				ENABLE_TESTABILITY = YES;
				GCC_C_LANGUAGE_STANDARD = gnu11;
				GCC_DYNAMIC_NO_PIC = NO;
				GCC_NO_COMMON_BLOCKS = YES;
				GCC_OPTIMIZATION_LEVEL = 0;
				GCC_PREPROCESSOR_DEFINITIONS = (
					"DEBUG=1",
					"$(inherited)",
				);
				GCC_WARN_64_TO_32_BIT_CONVERSION = YES;
				GCC_WARN_ABOUT_RETURN_TYPE = YES_ERROR;
				GCC_WARN_UNDECLARED_SELECTOR = YES;
				GCC_WARN_UNINITIALIZED_AUTOS = YES_AGGRESSIVE;
				GCC_WARN_UNUSED_FUNCTION = YES;
				GCC_WARN_UNUSED_VARIABLE = YES;
				IPHONEOS_DEPLOYMENT_TARGET = 14.5;
				MTL_ENABLE_DEBUG_INFO = INCLUDE_SOURCE;
				MTL_FAST_MATH = YES;
				ONLY_ACTIVE_ARCH = YES;
				SDKROOT = iphoneos;
				SWIFT_ACTIVE_COMPILATION_CONDITIONS = DEBUG;
				SWIFT_OPTIMIZATION_LEVEL = "-Onone";
			};
			name = Debug;
		};
		599F04BD26F8E5D700415C83 /* Release */ = {
			isa = XCBuildConfiguration;
			buildSettings = {
				ALWAYS_SEARCH_USER_PATHS = NO;
				CLANG_ANALYZER_NONNULL = YES;
				CLANG_ANALYZER_NUMBER_OBJECT_CONVERSION = YES_AGGRESSIVE;
				CLANG_CXX_LANGUAGE_STANDARD = "gnu++14";
				CLANG_CXX_LIBRARY = "libc++";
				CLANG_ENABLE_MODULES = YES;
				CLANG_ENABLE_OBJC_ARC = YES;
				CLANG_ENABLE_OBJC_WEAK = YES;
				CLANG_WARN_BLOCK_CAPTURE_AUTORELEASING = YES;
				CLANG_WARN_BOOL_CONVERSION = YES;
				CLANG_WARN_COMMA = YES;
				CLANG_WARN_CONSTANT_CONVERSION = YES;
				CLANG_WARN_DEPRECATED_OBJC_IMPLEMENTATIONS = YES;
				CLANG_WARN_DIRECT_OBJC_ISA_USAGE = YES_ERROR;
				CLANG_WARN_DOCUMENTATION_COMMENTS = YES;
				CLANG_WARN_EMPTY_BODY = YES;
				CLANG_WARN_ENUM_CONVERSION = YES;
				CLANG_WARN_INFINITE_RECURSION = YES;
				CLANG_WARN_INT_CONVERSION = YES;
				CLANG_WARN_NON_LITERAL_NULL_CONVERSION = YES;
				CLANG_WARN_OBJC_IMPLICIT_RETAIN_SELF = YES;
				CLANG_WARN_OBJC_LITERAL_CONVERSION = YES;
				CLANG_WARN_OBJC_ROOT_CLASS = YES_ERROR;
				CLANG_WARN_QUOTED_INCLUDE_IN_FRAMEWORK_HEADER = YES;
				CLANG_WARN_RANGE_LOOP_ANALYSIS = YES;
				CLANG_WARN_STRICT_PROTOTYPES = YES;
				CLANG_WARN_SUSPICIOUS_MOVE = YES;
				CLANG_WARN_UNGUARDED_AVAILABILITY = YES_AGGRESSIVE;
				CLANG_WARN_UNREACHABLE_CODE = YES;
				CLANG_WARN__DUPLICATE_METHOD_MATCH = YES;
				COPY_PHASE_STRIP = NO;
				DEBUG_INFORMATION_FORMAT = "dwarf-with-dsym";
				ENABLE_NS_ASSERTIONS = NO;
				ENABLE_STRICT_OBJC_MSGSEND = YES;
				GCC_C_LANGUAGE_STANDARD = gnu11;
				GCC_NO_COMMON_BLOCKS = YES;
				GCC_WARN_64_TO_32_BIT_CONVERSION = YES;
				GCC_WARN_ABOUT_RETURN_TYPE = YES_ERROR;
				GCC_WARN_UNDECLARED_SELECTOR = YES;
				GCC_WARN_UNINITIALIZED_AUTOS = YES_AGGRESSIVE;
				GCC_WARN_UNUSED_FUNCTION = YES;
				GCC_WARN_UNUSED_VARIABLE = YES;
				IPHONEOS_DEPLOYMENT_TARGET = 14.5;
				MTL_ENABLE_DEBUG_INFO = NO;
				MTL_FAST_MATH = YES;
				SDKROOT = iphoneos;
				SWIFT_COMPILATION_MODE = wholemodule;
				SWIFT_OPTIMIZATION_LEVEL = "-O";
				VALIDATE_PRODUCT = YES;
			};
			name = Release;
		};
		599F04BF26F8E5D700415C83 /* Debug */ = {
			isa = XCBuildConfiguration;
			buildSettings = {
				ASSETCATALOG_COMPILER_APPICON_NAME = AppIcon;
				ASSETCATALOG_COMPILER_GLOBAL_ACCENT_COLOR_NAME = AccentColor;
				CODE_SIGN_STYLE = Automatic;
				DEVELOPMENT_TEAM = 3ZL99PQC29;
				INFOPLIST_FILE = TestCoreData/Info.plist;
				LD_RUNPATH_SEARCH_PATHS = (
					"$(inherited)",
					"@executable_path/Frameworks",
				);
				PRODUCT_BUNDLE_IDENTIFIER = com.jsisques.TestCoreData;
				PRODUCT_NAME = "$(TARGET_NAME)";
				SWIFT_VERSION = 5.0;
				TARGETED_DEVICE_FAMILY = "1,2";
			};
			name = Debug;
		};
		599F04C026F8E5D700415C83 /* Release */ = {
			isa = XCBuildConfiguration;
			buildSettings = {
				ASSETCATALOG_COMPILER_APPICON_NAME = AppIcon;
				ASSETCATALOG_COMPILER_GLOBAL_ACCENT_COLOR_NAME = AccentColor;
				CODE_SIGN_STYLE = Automatic;
				DEVELOPMENT_TEAM = 3ZL99PQC29;
				INFOPLIST_FILE = TestCoreData/Info.plist;
				LD_RUNPATH_SEARCH_PATHS = (
					"$(inherited)",
					"@executable_path/Frameworks",
				);
				PRODUCT_BUNDLE_IDENTIFIER = com.jsisques.TestCoreData;
				PRODUCT_NAME = "$(TARGET_NAME)";
				SWIFT_VERSION = 5.0;
				TARGETED_DEVICE_FAMILY = "1,2";
			};
			name = Release;
		};
/* End XCBuildConfiguration section */

/* Begin XCConfigurationList section */
		599F04A226F8E5D600415C83 /* Build configuration list for PBXProject "TestCoreData" */ = {
			isa = XCConfigurationList;
			buildConfigurations = (
				599F04BC26F8E5D700415C83 /* Debug */,
				599F04BD26F8E5D700415C83 /* Release */,
			);
			defaultConfigurationIsVisible = 0;
			defaultConfigurationName = Release;
		};
		599F04BE26F8E5D700415C83 /* Build configuration list for PBXNativeTarget "TestCoreData" */ = {
			isa = XCConfigurationList;
			buildConfigurations = (
				599F04BF26F8E5D700415C83 /* Debug */,
				599F04C026F8E5D700415C83 /* Release */,
			);
			defaultConfigurationIsVisible = 0;
			defaultConfigurationName = Release;
		};
/* End XCConfigurationList section */

/* Begin XCVersionGroup section */
		599F04B326F8E5D600415C83 /* TestCoreData.xcdatamodeld */ = {
			isa = XCVersionGroup;
			children = (
				599F04B426F8E5D600415C83 /* TestCoreData.xcdatamodel */,
			);
			currentVersion = 599F04B426F8E5D600415C83 /* TestCoreData.xcdatamodel */;
			path = TestCoreData.xcdatamodeld;
			sourceTree = "<group>";
			versionGroupType = wrapper.xcdatamodel;
		};
/* End XCVersionGroup section */
	};
	rootObject = 599F049F26F8E5D500415C83 /* Project object */;
}
